// !$*UTF8*$!
{
	archiveVersion = 1;
	classes = {
	};
	objectVersion = 46;
	objects = {

/* Begin PBXBuildFile section */
		A1B2DFD617DEC32D00F6A07F /* UIKit.framework in Frameworks */ = {isa = PBXBuildFile; fileRef = A1B2DFD517DEC32D00F6A07F /* UIKit.framework */; };
		A1B2DFD817DEC32D00F6A07F /* Foundation.framework in Frameworks */ = {isa = PBXBuildFile; fileRef = A1B2DFD717DEC32D00F6A07F /* Foundation.framework */; };
		A1B2DFDA17DEC32D00F6A07F /* CoreGraphics.framework in Frameworks */ = {isa = PBXBuildFile; fileRef = A1B2DFD917DEC32D00F6A07F /* CoreGraphics.framework */; };
		A1B2DFE017DEC32D00F6A07F /* InfoPlist.strings in Resources */ = {isa = PBXBuildFile; fileRef = A1B2DFDE17DEC32D00F6A07F /* InfoPlist.strings */; };
		A1B2DFE217DEC32D00F6A07F /* main.m in Sources */ = {isa = PBXBuildFile; fileRef = A1B2DFE117DEC32D00F6A07F /* main.m */; };
		A1B2DFE617DEC32D00F6A07F /* MADAppDelegate.m in Sources */ = {isa = PBXBuildFile; fileRef = A1B2DFE517DEC32D00F6A07F /* MADAppDelegate.m */; };
		A1B2DFE817DEC32D00F6A07F /* Default.png in Resources */ = {isa = PBXBuildFile; fileRef = A1B2DFE717DEC32D00F6A07F /* Default.png */; };
		A1B2DFEA17DEC32D00F6A07F /* Default@2x.png in Resources */ = {isa = PBXBuildFile; fileRef = A1B2DFE917DEC32D00F6A07F /* Default@2x.png */; };
		A1B2DFEC17DEC32D00F6A07F /* Default-568h@2x.png in Resources */ = {isa = PBXBuildFile; fileRef = A1B2DFEB17DEC32D00F6A07F /* Default-568h@2x.png */; };
		A1B2DFEF17DEC32D00F6A07F /* MADViewController.m in Sources */ = {isa = PBXBuildFile; fileRef = A1B2DFEE17DEC32D00F6A07F /* MADViewController.m */; };
		A1B2DFF217DEC32D00F6A07F /* MADViewController.xib in Resources */ = {isa = PBXBuildFile; fileRef = A1B2DFF017DEC32D00F6A07F /* MADViewController.xib */; };
/* End PBXBuildFile section */

/* Begin PBXFileReference section */
		A1B2DFD217DEC32D00F6A07F /* demo1.app */ = {isa = PBXFileReference; explicitFileType = wrapper.application; includeInIndex = 0; path = demo1.app; sourceTree = BUILT_PRODUCTS_DIR; };
		A1B2DFD517DEC32D00F6A07F /* UIKit.framework */ = {isa = PBXFileReference; lastKnownFileType = wrapper.framework; name = UIKit.framework; path = System/Library/Frameworks/UIKit.framework; sourceTree = SDKROOT; };
		A1B2DFD717DEC32D00F6A07F /* Foundation.framework */ = {isa = PBXFileReference; lastKnownFileType = wrapper.framework; name = Foundation.framework; path = System/Library/Frameworks/Foundation.framework; sourceTree = SDKROOT; };
		A1B2DFD917DEC32D00F6A07F /* CoreGraphics.framework */ = {isa = PBXFileReference; lastKnownFileType = wrapper.framework; name = CoreGraphics.framework; path = System/Library/Frameworks/CoreGraphics.framework; sourceTree = SDKROOT; };
		A1B2DFDD17DEC32D00F6A07F /* demo1-Info.plist */ = {isa = PBXFileReference; lastKnownFileType = text.plist.xml; path = "demo1-Info.plist"; sourceTree = "<group>"; };
		A1B2DFDF17DEC32D00F6A07F /* en */ = {isa = PBXFileReference; lastKnownFileType = text.plist.strings; name = en; path = en.lproj/InfoPlist.strings; sourceTree = "<group>"; };
		A1B2DFE117DEC32D00F6A07F /* main.m */ = {isa = PBXFileReference; lastKnownFileType = sourcecode.c.objc; path = main.m; sourceTree = "<group>"; };
		A1B2DFE317DEC32D00F6A07F /* demo1-Prefix.pch */ = {isa = PBXFileReference; lastKnownFileType = sourcecode.c.h; path = "demo1-Prefix.pch"; sourceTree = "<group>"; };
		A1B2DFE417DEC32D00F6A07F /* MADAppDelegate.h */ = {isa = PBXFileReference; lastKnownFileType = sourcecode.c.h; path = MADAppDelegate.h; sourceTree = "<group>"; };
		A1B2DFE517DEC32D00F6A07F /* MADAppDelegate.m */ = {isa = PBXFileReference; lastKnownFileType = sourcecode.c.objc; path = MADAppDelegate.m; sourceTree = "<group>"; };
		A1B2DFE717DEC32D00F6A07F /* Default.png */ = {isa = PBXFileReference; lastKnownFileType = image.png; path = Default.png; sourceTree = "<group>"; };
		A1B2DFE917DEC32D00F6A07F /* Default@2x.png */ = {isa = PBXFileReference; lastKnownFileType = image.png; path = "Default@2x.png"; sourceTree = "<group>"; };
		A1B2DFEB17DEC32D00F6A07F /* Default-568h@2x.png */ = {isa = PBXFileReference; lastKnownFileType = image.png; path = "Default-568h@2x.png"; sourceTree = "<group>"; };
		A1B2DFED17DEC32D00F6A07F /* MADViewController.h */ = {isa = PBXFileReference; lastKnownFileType = sourcecode.c.h; path = MADViewController.h; sourceTree = "<group>"; };
		A1B2DFEE17DEC32D00F6A07F /* MADViewController.m */ = {isa = PBXFileReference; lastKnownFileType = sourcecode.c.objc; path = MADViewController.m; sourceTree = "<group>"; };
		A1B2DFF117DEC32D00F6A07F /* en */ = {isa = PBXFileReference; lastKnownFileType = file.xib; name = en; path = en.lproj/MADViewController.xib; sourceTree = "<group>"; };
/* End PBXFileReference section */

/* Begin PBXFrameworksBuildPhase section */
		A1B2DFCF17DEC32C00F6A07F /* Frameworks */ = {
			isa = PBXFrameworksBuildPhase;
			buildActionMask = 2147483647;
			files = (
				A1B2DFD617DEC32D00F6A07F /* UIKit.framework in Frameworks */,
				A1B2DFD817DEC32D00F6A07F /* Foundation.framework in Frameworks */,
				A1B2DFDA17DEC32D00F6A07F /* CoreGraphics.framework in Frameworks */,
			);
			runOnlyForDeploymentPostprocessing = 0;
		};
/* End PBXFrameworksBuildPhase section */

/* Begin PBXGroup section */
		A1B2DFC917DEC32C00F6A07F = {
			isa = PBXGroup;
			children = (
				A1B2DFDB17DEC32D00F6A07F /* demo1 */,
				A1B2DFD417DEC32D00F6A07F /* Frameworks */,
				A1B2DFD317DEC32D00F6A07F /* Products */,
			);
			sourceTree = "<group>";
		};
		A1B2DFD317DEC32D00F6A07F /* Products */ = {
			isa = PBXGroup;
			children = (
				A1B2DFD217DEC32D00F6A07F /* demo1.app */,
			);
			name = Products;
			sourceTree = "<group>";
		};
		A1B2DFD417DEC32D00F6A07F /* Frameworks */ = {
			isa = PBXGroup;
			children = (
				A1B2DFD517DEC32D00F6A07F /* UIKit.framework */,
				A1B2DFD717DEC32D00F6A07F /* Foundation.framework */,
				A1B2DFD917DEC32D00F6A07F /* CoreGraphics.framework */,
			);
			name = Frameworks;
			sourceTree = "<group>";
		};
		A1B2DFDB17DEC32D00F6A07F /* demo1 */ = {
			isa = PBXGroup;
			children = (
				A1B2DFE417DEC32D00F6A07F /* MADAppDelegate.h */,
				A1B2DFE517DEC32D00F6A07F /* MADAppDelegate.m */,
				A1B2DFED17DEC32D00F6A07F /* MADViewController.h */,
				A1B2DFEE17DEC32D00F6A07F /* MADViewController.m */,
				A1B2DFF017DEC32D00F6A07F /* MADViewController.xib */,
				A1B2DFDC17DEC32D00F6A07F /* Supporting Files */,
			);
			path = demo1;
			sourceTree = "<group>";
		};
		A1B2DFDC17DEC32D00F6A07F /* Supporting Files */ = {
			isa = PBXGroup;
			children = (
				A1B2DFDD17DEC32D00F6A07F /* demo1-Info.plist */,
				A1B2DFDE17DEC32D00F6A07F /* InfoPlist.strings */,
				A1B2DFE117DEC32D00F6A07F /* main.m */,
				A1B2DFE317DEC32D00F6A07F /* demo1-Prefix.pch */,
				A1B2DFE717DEC32D00F6A07F /* Default.png */,
				A1B2DFE917DEC32D00F6A07F /* Default@2x.png */,
				A1B2DFEB17DEC32D00F6A07F /* Default-568h@2x.png */,
			);
			name = "Supporting Files";
			sourceTree = "<group>";
		};
/* End PBXGroup section */

/* Begin PBXNativeTarget section */
		A1B2DFD117DEC32C00F6A07F /* demo1 */ = {
			isa = PBXNativeTarget;
			buildConfigurationList = A1B2DFF517DEC32D00F6A07F /* Build configuration list for PBXNativeTarget "demo1" */;
			buildPhases = (
				A1B2DFCE17DEC32C00F6A07F /* Sources */,
				A1B2DFCF17DEC32C00F6A07F /* Frameworks */,
				A1B2DFD017DEC32C00F6A07F /* Resources */,
			);
			buildRules = (
			);
			dependencies = (
			);
			name = demo1;
			productName = demo1;
			productReference = A1B2DFD217DEC32D00F6A07F /* demo1.app */;
			productType = "com.apple.product-type.application";
		};
/* End PBXNativeTarget section */

/* Begin PBXProject section */
		A1B2DFCA17DEC32C00F6A07F /* Project object */ = {
			isa = PBXProject;
			attributes = {
				CLASSPREFIX = MAD;
				LastUpgradeCheck = 0460;
				ORGANIZATIONNAME = Melissa;
			};
			buildConfigurationList = A1B2DFCD17DEC32C00F6A07F /* Build configuration list for PBXProject "demo1" */;
			compatibilityVersion = "Xcode 3.2";
			developmentRegion = English;
			hasScannedForEncodings = 0;
			knownRegions = (
				en,
			);
			mainGroup = A1B2DFC917DEC32C00F6A07F;
			productRefGroup = A1B2DFD317DEC32D00F6A07F /* Products */;
			projectDirPath = "";
			projectRoot = "";
			targets = (
				A1B2DFD117DEC32C00F6A07F /* demo1 */,
			);
		};
/* End PBXProject section */

/* Begin PBXResourcesBuildPhase section */
		A1B2DFD017DEC32C00F6A07F /* Resources */ = {
			isa = PBXResourcesBuildPhase;
			buildActionMask = 2147483647;
			files = (
				A1B2DFE017DEC32D00F6A07F /* InfoPlist.strings in Resources */,
				A1B2DFE817DEC32D00F6A07F /* Default.png in Resources */,
				A1B2DFEA17DEC32D00F6A07F /* Default@2x.png in Resources */,
				A1B2DFEC17DEC32D00F6A07F /* Default-568h@2x.png in Resources */,
				A1B2DFF217DEC32D00F6A07F /* MADViewController.xib in Resources */,
			);
			runOnlyForDeploymentPostprocessing = 0;
		};
/* End PBXResourcesBuildPhase section */

/* Begin PBXSourcesBuildPhase section */
		A1B2DFCE17DEC32C00F6A07F /* Sources */ = {
			isa = PBXSourcesBuildPhase;
			buildActionMask = 2147483647;
			files = (
				A1B2DFE217DEC32D00F6A07F /* main.m in Sources */,
				A1B2DFE617DEC32D00F6A07F /* MADAppDelegate.m in Sources */,
				A1B2DFEF17DEC32D00F6A07F /* MADViewController.m in Sources */,
			);
			runOnlyForDeploymentPostprocessing = 0;
		};
/* End PBXSourcesBuildPhase section */

/* Begin PBXVariantGroup section */
		A1B2DFDE17DEC32D00F6A07F /* InfoPlist.strings */ = {
			isa = PBXVariantGroup;
			children = (
				A1B2DFDF17DEC32D00F6A07F /* en */,
			);
			name = InfoPlist.strings;
			sourceTree = "<group>";
		};
		A1B2DFF017DEC32D00F6A07F /* MADViewController.xib */ = {
			isa = PBXVariantGroup;
			children = (
				A1B2DFF117DEC32D00F6A07F /* en */,
			);
			name = MADViewController.xib;
			sourceTree = "<group>";
		};
/* End PBXVariantGroup section */

/* Begin XCBuildConfiguration section */
		A1B2DFF317DEC32D00F6A07F /* Debug */ = {
			isa = XCBuildConfiguration;
			buildSettings = {
				ALWAYS_SEARCH_USER_PATHS = NO;
				CLANG_CXX_LANGUAGE_STANDARD = "gnu++0x";
				CLANG_CXX_LIBRARY = "libc++";
				CLANG_ENABLE_OBJC_ARC = YES;
				CLANG_WARN_CONSTANT_CONVERSION = YES;
				CLANG_WARN_EMPTY_BODY = YES;
				CLANG_WARN_ENUM_CONVERSION = YES;
				CLANG_WARN_INT_CONVERSION = YES;
				CLANG_WARN__DUPLICATE_METHOD_MATCH = YES;
				"CODE_SIGN_IDENTITY[sdk=iphoneos*]" = "iPhone Developer";
				COPY_PHASE_STRIP = NO;
				GCC_C_LANGUAGE_STANDARD = gnu99;
				GCC_DYNAMIC_NO_PIC = NO;
				GCC_OPTIMIZATION_LEVEL = 0;
				GCC_PREPROCESSOR_DEFINITIONS = (
					"DEBUG=1",
					"$(inherited)",
				);
				GCC_SYMBOLS_PRIVATE_EXTERN = NO;
				GCC_WARN_ABOUT_RETURN_TYPE = YES;
				GCC_WARN_UNINITIALIZED_AUTOS = YES;
				GCC_WARN_UNUSED_VARIABLE = YES;
				IPHONEOS_DEPLOYMENT_TARGET = 6.1;
				ONLY_ACTIVE_ARCH = YES;
				SDKROOT = iphoneos;
			};
			name = Debug;
		};
		A1B2DFF417DEC32D00F6A07F /* Release */ = {
			isa = XCBuildConfiguration;
			buildSettings = {
				ALWAYS_SEARCH_USER_PATHS = NO;
				CLANG_CXX_LANGUAGE_STANDARD = "gnu++0x";
				CLANG_CXX_LIBRARY = "libc++";
				CLANG_ENABLE_OBJC_ARC = YES;
				CLANG_WARN_CONSTANT_CONVERSION = YES;
				CLANG_WARN_EMPTY_BODY = YES;
				CLANG_WARN_ENUM_CONVERSION = YES;
				CLANG_WARN_INT_CONVERSION = YES;
				CLANG_WARN__DUPLICATE_METHOD_MATCH = YES;
				"CODE_SIGN_IDENTITY[sdk=iphoneos*]" = "iPhone Developer";
				COPY_PHASE_STRIP = YES;
				GCC_C_LANGUAGE_STANDARD = gnu99;
				GCC_WARN_ABOUT_RETURN_TYPE = YES;
				GCC_WARN_UNINITIALIZED_AUTOS = YES;
				GCC_WARN_UNUSED_VARIABLE = YES;
				IPHONEOS_DEPLOYMENT_TARGET = 6.1;
				OTHER_CFLAGS = "-DNS_BLOCK_ASSERTIONS=1";
				SDKROOT = iphoneos;
				VALIDATE_PRODUCT = YES;
			};
			name = Release;
		};
		A1B2DFF617DEC32D00F6A07F /* Debug */ = {
			isa = XCBuildConfiguration;
			buildSettings = {
				GCC_PRECOMPILE_PREFIX_HEADER = YES;
				GCC_PREFIX_HEADER = "demo1/demo1-Prefix.pch";
				INFOPLIST_FILE = "demo1/demo1-Info.plist";
				PRODUCT_NAME = "$(TARGET_NAME)";
				WRAPPER_EXTENSION = app;
			};
			name = Debug;
		};
		A1B2DFF717DEC32D00F6A07F /* Release */ = {
			isa = XCBuildConfiguration;
			buildSettings = {
				GCC_PRECOMPILE_PREFIX_HEADER = YES;
				GCC_PREFIX_HEADER = "demo1/demo1-Prefix.pch";
				INFOPLIST_FILE = "demo1/demo1-Info.plist";
				PRODUCT_NAME = "$(TARGET_NAME)";
				WRAPPER_EXTENSION = app;
			};
			name = Release;
		};
/* End XCBuildConfiguration section */

/* Begin XCConfigurationList section */
		A1B2DFCD17DEC32C00F6A07F /* Build configuration list for PBXProject "demo1" */ = {
			isa = XCConfigurationList;
			buildConfigurations = (
				A1B2DFF317DEC32D00F6A07F /* Debug */,
				A1B2DFF417DEC32D00F6A07F /* Release */,
			);
			defaultConfigurationIsVisible = 0;
			defaultConfigurationName = Release;
		};
		A1B2DFF517DEC32D00F6A07F /* Build configuration list for PBXNativeTarget "demo1" */ = {
			isa = XCConfigurationList;
			buildConfigurations = (
				A1B2DFF617DEC32D00F6A07F /* Debug */,
				A1B2DFF717DEC32D00F6A07F /* Release */,
			);
			defaultConfigurationIsVisible = 0;
		};
/* End XCConfigurationList section */
	};
	rootObject = A1B2DFCA17DEC32C00F6A07F /* Project object */;
}
